// !$*UTF8*$!
{
	archiveVersion = 1;
	classes = {
	};
	objectVersion = 46;
	objects = {

/* Begin PBXBuildFile section */
		E329426D1C0D40A100D12BD7 /* main.m in Sources */ = {isa = PBXBuildFile; fileRef = E329426C1C0D40A100D12BD7 /* main.m */; };
		E32942701C0D40A100D12BD7 /* AppDelegate.m in Sources */ = {isa = PBXBuildFile; fileRef = E329426F1C0D40A100D12BD7 /* AppDelegate.m */; };
		E32942731C0D40A100D12BD7 /* ViewController.m in Sources */ = {isa = PBXBuildFile; fileRef = E32942721C0D40A100D12BD7 /* ViewController.m */; };
		E32942761C0D40A100D12BD7 /* Main.storyboard in Resources */ = {isa = PBXBuildFile; fileRef = E32942741C0D40A100D12BD7 /* Main.storyboard */; };
		E32942781C0D40A100D12BD7 /* Assets.xcassets in Resources */ = {isa = PBXBuildFile; fileRef = E32942771C0D40A100D12BD7 /* Assets.xcassets */; };
		E329427B1C0D40A100D12BD7 /* LaunchScreen.storyboard in Resources */ = {isa = PBXBuildFile; fileRef = E32942791C0D40A100D12BD7 /* LaunchScreen.storyboard */; };
/* End PBXBuildFile section */

/* Begin PBXFileReference section */
		E32942681C0D40A100D12BD7 /* 多少覅三顿饭.app */ = {isa = PBXFileReference; explicitFileType = wrapper.application; includeInIndex = 0; path = "多少覅三顿饭.app"; sourceTree = BUILT_PRODUCTS_DIR; };
		E329426C1C0D40A100D12BD7 /* main.m */ = {isa = PBXFileReference; lastKnownFileType = sourcecode.c.objc; path = main.m; sourceTree = "<group>"; };
		E329426E1C0D40A100D12BD7 /* AppDelegate.h */ = {isa = PBXFileReference; lastKnownFileType = sourcecode.c.h; path = AppDelegate.h; sourceTree = "<group>"; };
		E329426F1C0D40A100D12BD7 /* AppDelegate.m */ = {isa = PBXFileReference; lastKnownFileType = sourcecode.c.objc; path = AppDelegate.m; sourceTree = "<group>"; };
		E32942711C0D40A100D12BD7 /* ViewController.h */ = {isa = PBXFileReference; lastKnownFileType = sourcecode.c.h; path = ViewController.h; sourceTree = "<group>"; };
		E32942721C0D40A100D12BD7 /* ViewController.m */ = {isa = PBXFileReference; lastKnownFileType = sourcecode.c.objc; path = ViewController.m; sourceTree = "<group>"; };
		E32942751C0D40A100D12BD7 /* Base */ = {isa = PBXFileReference; lastKnownFileType = file.storyboard; name = Base; path = Base.lproj/Main.storyboard; sourceTree = "<group>"; };
		E32942771C0D40A100D12BD7 /* Assets.xcassets */ = {isa = PBXFileReference; lastKnownFileType = folder.assetcatalog; path = Assets.xcassets; sourceTree = "<group>"; };
		E329427A1C0D40A100D12BD7 /* Base */ = {isa = PBXFileReference; lastKnownFileType = file.storyboard; name = Base; path = Base.lproj/LaunchScreen.storyboard; sourceTree = "<group>"; };
		E329427C1C0D40A100D12BD7 /* Info.plist */ = {isa = PBXFileReference; lastKnownFileType = text.plist.xml; path = Info.plist; sourceTree = "<group>"; };
/* End PBXFileReference section */

/* Begin PBXFrameworksBuildPhase section */
		E32942651C0D40A100D12BD7 /* Frameworks */ = {
			isa = PBXFrameworksBuildPhase;
			buildActionMask = 2147483647;
			files = (
			);
			runOnlyForDeploymentPostprocessing = 0;
		};
/* End PBXFrameworksBuildPhase section */

/* Begin PBXGroup section */
		E329425F1C0D40A100D12BD7 = {
			isa = PBXGroup;
			children = (
				E329426A1C0D40A100D12BD7 /* 多少覅三顿饭 */,
				E32942691C0D40A100D12BD7 /* Products */,
			);
			sourceTree = "<group>";
		};
		E32942691C0D40A100D12BD7 /* Products */ = {
			isa = PBXGroup;
			children = (
				E32942681C0D40A100D12BD7 /* 多少覅三顿饭.app */,
			);
			name = Products;
			sourceTree = "<group>";
		};
		E329426A1C0D40A100D12BD7 /* 多少覅三顿饭 */ = {
			isa = PBXGroup;
			children = (
				E329426E1C0D40A100D12BD7 /* AppDelegate.h */,
				E329426F1C0D40A100D12BD7 /* AppDelegate.m */,
				E32942711C0D40A100D12BD7 /* ViewController.h */,
				E32942721C0D40A100D12BD7 /* ViewController.m */,
				E32942741C0D40A100D12BD7 /* Main.storyboard */,
				E32942771C0D40A100D12BD7 /* Assets.xcassets */,
				E32942791C0D40A100D12BD7 /* LaunchScreen.storyboard */,
				E329427C1C0D40A100D12BD7 /* Info.plist */,
				E329426B1C0D40A100D12BD7 /* Supporting Files */,
			);
			path = "多少覅三顿饭";
			sourceTree = "<group>";
		};
		E329426B1C0D40A100D12BD7 /* Supporting Files */ = {
			isa = PBXGroup;
			children = (
				E329426C1C0D40A100D12BD7 /* main.m */,
			);
			name = "Supporting Files";
			sourceTree = "<group>";
		};
/* End PBXGroup section */

/* Begin PBXNativeTarget section */
		E32942671C0D40A100D12BD7 /* 多少覅三顿饭 */ = {
			isa = PBXNativeTarget;
			buildConfigurationList = E329427F1C0D40A100D12BD7 /* Build configuration list for PBXNativeTarget "多少覅三顿饭" */;
			buildPhases = (
				E32942641C0D40A100D12BD7 /* Sources */,
				E32942651C0D40A100D12BD7 /* Frameworks */,
				E32942661C0D40A100D12BD7 /* Resources */,
			);
			buildRules = (
			);
			dependencies = (
			);
			name = "多少覅三顿饭";
			productName = "多少覅三顿饭";
			productReference = E32942681C0D40A100D12BD7 /* 多少覅三顿饭.app */;
			productType = "com.apple.product-type.application";
		};
/* End PBXNativeTarget section */

/* Begin PBXProject section */
		E32942601C0D40A100D12BD7 /* Project object */ = {
			isa = PBXProject;
			attributes = {
				LastUpgradeCheck = 0700;
				ORGANIZATIONNAME = tarena05_06;
				TargetAttributes = {
					E32942671C0D40A100D12BD7 = {
						CreatedOnToolsVersion = 7.0.1;
					};
				};
			};
			buildConfigurationList = E32942631C0D40A100D12BD7 /* Build configuration list for PBXProject "多少覅三顿饭" */;
			compatibilityVersion = "Xcode 3.2";
			developmentRegion = English;
			hasScannedForEncodings = 0;
			knownRegions = (
				en,
				Base,
			);
			mainGroup = E329425F1C0D40A100D12BD7;
			productRefGroup = E32942691C0D40A100D12BD7 /* Products */;
			projectDirPath = "";
			projectRoot = "";
			targets = (
				E32942671C0D40A100D12BD7 /* 多少覅三顿饭 */,
			);
		};
/* End PBXProject section */

/* Begin PBXResourcesBuildPhase section */
		E32942661C0D40A100D12BD7 /* Resources */ = {
			isa = PBXResourcesBuildPhase;
			buildActionMask = 2147483647;
			files = (
				E329427B1C0D40A100D12BD7 /* LaunchScreen.storyboard in Resources */,
				E32942781C0D40A100D12BD7 /* Assets.xcassets in Resources */,
				E32942761C0D40A100D12BD7 /* Main.storyboard in Resources */,
			);
			runOnlyForDeploymentPostprocessing = 0;
		};
/* End PBXResourcesBuildPhase section */

/* Begin PBXSourcesBuildPhase section */
		E32942641C0D40A100D12BD7 /* Sources */ = {
			isa = PBXSourcesBuildPhase;
			buildActionMask = 2147483647;
			files = (
				E32942731C0D40A100D12BD7 /* ViewController.m in Sources */,
				E32942701C0D40A100D12BD7 /* AppDelegate.m in Sources */,
				E329426D1C0D40A100D12BD7 /* main.m in Sources */,
			);
			runOnlyForDeploymentPostprocessing = 0;
		};
/* End PBXSourcesBuildPhase section */

/* Begin PBXVariantGroup section */
		E32942741C0D40A100D12BD7 /* Main.storyboard */ = {
			isa = PBXVariantGroup;
			children = (
				E32942751C0D40A100D12BD7 /* Base */,
			);
			name = Main.storyboard;
			sourceTree = "<group>";
		};
		E32942791C0D40A100D12BD7 /* LaunchScreen.storyboard */ = {
			isa = PBXVariantGroup;
			children = (
				E329427A1C0D40A100D12BD7 /* Base */,
			);
			name = LaunchScreen.storyboard;
			sourceTree = "<group>";
		};
/* End PBXVariantGroup section */

/* Begin XCBuildConfiguration section */
		E329427D1C0D40A100D12BD7 /* Debug */ = {
			isa = XCBuildConfiguration;
			buildSettings = {
				ALWAYS_SEARCH_USER_PATHS = NO;
				CLANG_CXX_LANGUAGE_STANDARD = "gnu++0x";
				CLANG_CXX_LIBRARY = "libc++";
				CLANG_ENABLE_MODULES = YES;
				CLANG_ENABLE_OBJC_ARC = YES;
				CLANG_WARN_BOOL_CONVERSION = YES;
				CLANG_WARN_CONSTANT_CONVERSION = YES;
				CLANG_WARN_DIRECT_OBJC_ISA_USAGE = YES_ERROR;
				CLANG_WARN_EMPTY_BODY = YES;
				CLANG_WARN_ENUM_CONVERSION = YES;
				CLANG_WARN_INT_CONVERSION = YES;
				CLANG_WARN_OBJC_ROOT_CLASS = YES_ERROR;
				CLANG_WARN_UNREACHABLE_CODE = YES;
				CLANG_WARN__DUPLICATE_METHOD_MATCH = YES;
				"CODE_SIGN_IDENTITY[sdk=iphoneos*]" = "iPhone Developer";
				COPY_PHASE_STRIP = NO;
				DEBUG_INFORMATION_FORMAT = dwarf;
				ENABLE_STRICT_OBJC_MSGSEND = YES;
				ENABLE_TESTABILITY = YES;
				GCC_C_LANGUAGE_STANDARD = gnu99;
				GCC_DYNAMIC_NO_PIC = NO;
				GCC_NO_COMMON_BLOCKS = YES;
				GCC_OPTIMIZATION_LEVEL = 0;
				GCC_PREPROCESSOR_DEFINITIONS = (
					"DEBUG=1",
					"$(inherited)",
				);
				GCC_WARN_64_TO_32_BIT_CONVERSION = YES;
				GCC_WARN_ABOUT_RETURN_TYPE = YES_ERROR;
				GCC_WARN_UNDECLARED_SELECTOR = YES;
				GCC_WARN_UNINITIALIZED_AUTOS = YES_AGGRESSIVE;
				GCC_WARN_UNUSED_FUNCTION = YES;
				GCC_WARN_UNUSED_VARIABLE = YES;
				IPHONEOS_DEPLOYMENT_TARGET = 9.0;
				MTL_ENABLE_DEBUG_INFO = YES;
				ONLY_ACTIVE_ARCH = YES;
				SDKROOT = iphoneos;
			};
			name = Debug;
		};
		E329427E1C0D40A100D12BD7 /* Release */ = {
			isa = XCBuildConfiguration;
			buildSettings = {
				ALWAYS_SEARCH_USER_PATHS = NO;
				CLANG_CXX_LANGUAGE_STANDARD = "gnu++0x";
				CLANG_CXX_LIBRARY = "libc++";
				CLANG_ENABLE_MODULES = YES;
				CLANG_ENABLE_OBJC_ARC = YES;
				CLANG_WARN_BOOL_CONVERSION = YES;
				CLANG_WARN_CONSTANT_CONVERSION = YES;
				CLANG_WARN_DIRECT_OBJC_ISA_USAGE = YES_ERROR;
				CLANG_WARN_EMPTY_BODY = YES;
				CLANG_WARN_ENUM_CONVERSION = YES;
				CLANG_WARN_INT_CONVERSION = YES;
				CLANG_WARN_OBJC_ROOT_CLASS = YES_ERROR;
				CLANG_WARN_UNREACHABLE_CODE = YES;
				CLANG_WARN__DUPLICATE_METHOD_MATCH = YES;
				"CODE_SIGN_IDENTITY[sdk=iphoneos*]" = "iPhone Developer";
				COPY_PHASE_STRIP = NO;
				DEBUG_INFORMATION_FORMAT = "dwarf-with-dsym";
				ENABLE_NS_ASSERTIONS = NO;
				ENABLE_STRICT_OBJC_MSGSEND = YES;
				GCC_C_LANGUAGE_STANDARD = gnu99;
				GCC_NO_COMMON_BLOCKS = YES;
				GCC_WARN_64_TO_32_BIT_CONVERSION = YES;
				GCC_WARN_ABOUT_RETURN_TYPE = YES_ERROR;
				GCC_WARN_UNDECLARED_SELECTOR = YES;
				GCC_WARN_UNINITIALIZED_AUTOS = YES_AGGRESSIVE;
				GCC_WARN_UNUSED_FUNCTION = YES;
				GCC_WARN_UNUSED_VARIABLE = YES;
				IPHONEOS_DEPLOYMENT_TARGET = 9.0;
				MTL_ENABLE_DEBUG_INFO = NO;
				SDKROOT = iphoneos;
				VALIDATE_PRODUCT = YES;
			};
			name = Release;
		};
		E32942801C0D40A100D12BD7 /* Debug */ = {
			isa = XCBuildConfiguration;
			buildSettings = {
				ASSETCATALOG_COMPILER_APPICON_NAME = AppIcon;
				INFOPLIST_FILE = "多少覅三顿饭/Info.plist";
				LD_RUNPATH_SEARCH_PATHS = "$(inherited) @executable_path/Frameworks";
				PRODUCT_BUNDLE_IDENTIFIER = "com.tarena.------";
				PRODUCT_NAME = "$(TARGET_NAME)";
			};
			name = Debug;
		};
		E32942811C0D40A100D12BD7 /* Release */ = {
			isa = XCBuildConfiguration;
			buildSettings = {
				ASSETCATALOG_COMPILER_APPICON_NAME = AppIcon;
				INFOPLIST_FILE = "多少覅三顿饭/Info.plist";
				LD_RUNPATH_SEARCH_PATHS = "$(inherited) @executable_path/Frameworks";
				PRODUCT_BUNDLE_IDENTIFIER = "com.tarena.------";
				PRODUCT_NAME = "$(TARGET_NAME)";
			};
			name = Release;
		};
/* End XCBuildConfiguration section */

/* Begin XCConfigurationList section */
		E32942631C0D40A100D12BD7 /* Build configuration list for PBXProject "多少覅三顿饭" */ = {
			isa = XCConfigurationList;
			buildConfigurations = (
				E329427D1C0D40A100D12BD7 /* Debug */,
				E329427E1C0D40A100D12BD7 /* Release */,
			);
			defaultConfigurationIsVisible = 0;
			defaultConfigurationName = Release;
		};
		E329427F1C0D40A100D12BD7 /* Build configuration list for PBXNativeTarget "多少覅三顿饭" */ = {
			isa = XCConfigurationList;
			buildConfigurations = (
				E32942801C0D40A100D12BD7 /* Debug */,
				E32942811C0D40A100D12BD7 /* Release */,
			);
			defaultConfigurationIsVisible = 0;
		};
/* End XCConfigurationList section */
	};
	rootObject = E32942601C0D40A100D12BD7 /* Project object */;
}
